// !$*UTF8*$!
{
	archiveVersion = 1;
	classes = {
	};
	objectVersion = 56;
	objects = {

/* Begin PBXBuildFile section */
		FAFB83C82BD6040500D7F0D2 /* AppDelegate.swift in Sources */ = {isa = PBXBuildFile; fileRef = FAFB83C72BD6040500D7F0D2 /* AppDelegate.swift */; };
		FAFB83CA2BD6040500D7F0D2 /* SceneDelegate.swift in Sources */ = {isa = PBXBuildFile; fileRef = FAFB83C92BD6040500D7F0D2 /* SceneDelegate.swift */; };
		FAFB83CC2BD6040500D7F0D2 /* ViewController.swift in Sources */ = {isa = PBXBuildFile; fileRef = FAFB83CB2BD6040500D7F0D2 /* ViewController.swift */; };
		FAFB83D22BD6040500D7F0D2 /* UsersDb.xcdatamodeld in Sources */ = {isa = PBXBuildFile; fileRef = FAFB83D02BD6040500D7F0D2 /* UsersDb.xcdatamodeld */; };
		FAFB83D42BD6040600D7F0D2 /* Assets.xcassets in Resources */ = {isa = PBXBuildFile; fileRef = FAFB83D32BD6040600D7F0D2 /* Assets.xcassets */; };
		FAFB83D72BD6040600D7F0D2 /* LaunchScreen.storyboard in Resources */ = {isa = PBXBuildFile; fileRef = FAFB83D52BD6040600D7F0D2 /* LaunchScreen.storyboard */; };
		FAFB83E52BD6090A00D7F0D2 /* CombineCocoa in Frameworks */ = {isa = PBXBuildFile; productRef = FAFB83E42BD6090A00D7F0D2 /* CombineCocoa */; };
		FAFB83E82BD6091900D7F0D2 /* SnapKit in Frameworks */ = {isa = PBXBuildFile; productRef = FAFB83E72BD6091900D7F0D2 /* SnapKit */; };
		FAFB83EA2BD6091900D7F0D2 /* SnapKit-Dynamic in Frameworks */ = {isa = PBXBuildFile; productRef = FAFB83E92BD6091900D7F0D2 /* SnapKit-Dynamic */; };
/* End PBXBuildFile section */

/* Begin PBXFileReference section */
		FAFB83C42BD6040500D7F0D2 /* iOS12-HW22-Alexey-Cherebayev.app */ = {isa = PBXFileReference; explicitFileType = wrapper.application; includeInIndex = 0; path = "iOS12-HW22-Alexey-Cherebayev.app"; sourceTree = BUILT_PRODUCTS_DIR; };
		FAFB83C72BD6040500D7F0D2 /* AppDelegate.swift */ = {isa = PBXFileReference; lastKnownFileType = sourcecode.swift; path = AppDelegate.swift; sourceTree = "<group>"; };
		FAFB83C92BD6040500D7F0D2 /* SceneDelegate.swift */ = {isa = PBXFileReference; lastKnownFileType = sourcecode.swift; path = SceneDelegate.swift; sourceTree = "<group>"; };
		FAFB83CB2BD6040500D7F0D2 /* ViewController.swift */ = {isa = PBXFileReference; lastKnownFileType = sourcecode.swift; path = ViewController.swift; sourceTree = "<group>"; };
		FAFB83D12BD6040500D7F0D2 /* iOS12_HW22_Alexey_Cherebayev.xcdatamodel */ = {isa = PBXFileReference; lastKnownFileType = wrapper.xcdatamodel; path = iOS12_HW22_Alexey_Cherebayev.xcdatamodel; sourceTree = "<group>"; };
		FAFB83D32BD6040600D7F0D2 /* Assets.xcassets */ = {isa = PBXFileReference; lastKnownFileType = folder.assetcatalog; path = Assets.xcassets; sourceTree = "<group>"; };
		FAFB83D62BD6040600D7F0D2 /* Base */ = {isa = PBXFileReference; lastKnownFileType = file.storyboard; name = Base; path = Base.lproj/LaunchScreen.storyboard; sourceTree = "<group>"; };
		FAFB83D82BD6040600D7F0D2 /* Info.plist */ = {isa = PBXFileReference; lastKnownFileType = text.plist.xml; path = Info.plist; sourceTree = "<group>"; };
/* End PBXFileReference section */

/* Begin PBXFrameworksBuildPhase section */
		FAFB83C12BD6040500D7F0D2 /* Frameworks */ = {
			isa = PBXFrameworksBuildPhase;
			buildActionMask = 2147483647;
			files = (
				FAFB83E52BD6090A00D7F0D2 /* CombineCocoa in Frameworks */,
				FAFB83E82BD6091900D7F0D2 /* SnapKit in Frameworks */,
				FAFB83EA2BD6091900D7F0D2 /* SnapKit-Dynamic in Frameworks */,
			);
			runOnlyForDeploymentPostprocessing = 0;
		};
/* End PBXFrameworksBuildPhase section */

/* Begin PBXGroup section */
		FAFB83BB2BD6040500D7F0D2 = {
			isa = PBXGroup;
			children = (
				FAFB83C62BD6040500D7F0D2 /* iOS12-HW22-Alexey-Cherebayev */,
				FAFB83C52BD6040500D7F0D2 /* Products */,
			);
			sourceTree = "<group>";
		};
		FAFB83C52BD6040500D7F0D2 /* Products */ = {
			isa = PBXGroup;
			children = (
				FAFB83C42BD6040500D7F0D2 /* iOS12-HW22-Alexey-Cherebayev.app */,
			);
			name = Products;
			sourceTree = "<group>";
		};
		FAFB83C62BD6040500D7F0D2 /* iOS12-HW22-Alexey-Cherebayev */ = {
			isa = PBXGroup;
			children = (
				FAFB83DE2BD6082800D7F0D2 /* App */,
				FAFB83DF2BD6083900D7F0D2 /* Model */,
				FAFB83E12BD6087400D7F0D2 /* UI */,
				FAFB83E22BD6089E00D7F0D2 /* Serices */,
				FAFB83E02BD6086100D7F0D2 /* Resources */,
			);
			path = "iOS12-HW22-Alexey-Cherebayev";
			sourceTree = "<group>";
		};
		FAFB83DE2BD6082800D7F0D2 /* App */ = {
			isa = PBXGroup;
			children = (
				FAFB83C72BD6040500D7F0D2 /* AppDelegate.swift */,
				FAFB83C92BD6040500D7F0D2 /* SceneDelegate.swift */,
			);
			path = App;
			sourceTree = "<group>";
		};
		FAFB83DF2BD6083900D7F0D2 /* Model */ = {
			isa = PBXGroup;
			children = (
				FAFB83D02BD6040500D7F0D2 /* UsersDb.xcdatamodeld */,
			);
			path = Model;
			sourceTree = "<group>";
		};
		FAFB83E02BD6086100D7F0D2 /* Resources */ = {
			isa = PBXGroup;
			children = (
				FAFB83D32BD6040600D7F0D2 /* Assets.xcassets */,
				FAFB83D52BD6040600D7F0D2 /* LaunchScreen.storyboard */,
				FAFB83D82BD6040600D7F0D2 /* Info.plist */,
			);
			path = Resources;
			sourceTree = "<group>";
		};
		FAFB83E12BD6087400D7F0D2 /* UI */ = {
			isa = PBXGroup;
			children = (
				FAFB83CB2BD6040500D7F0D2 /* ViewController.swift */,
			);
			path = UI;
			sourceTree = "<group>";
		};
		FAFB83E22BD6089E00D7F0D2 /* Serices */ = {
			isa = PBXGroup;
			children = (
			);
			path = Serices;
			sourceTree = "<group>";
		};
/* End PBXGroup section */

/* Begin PBXNativeTarget section */
		FAFB83C32BD6040500D7F0D2 /* iOS12-HW22-Alexey-Cherebayev */ = {
			isa = PBXNativeTarget;
			buildConfigurationList = FAFB83DB2BD6040600D7F0D2 /* Build configuration list for PBXNativeTarget "iOS12-HW22-Alexey-Cherebayev" */;
			buildPhases = (
				FAFB83C02BD6040500D7F0D2 /* Sources */,
				FAFB83C12BD6040500D7F0D2 /* Frameworks */,
				FAFB83C22BD6040500D7F0D2 /* Resources */,
			);
			buildRules = (
			);
			dependencies = (
			);
			name = "iOS12-HW22-Alexey-Cherebayev";
			packageProductDependencies = (
				FAFB83E42BD6090A00D7F0D2 /* CombineCocoa */,
				FAFB83E72BD6091900D7F0D2 /* SnapKit */,
				FAFB83E92BD6091900D7F0D2 /* SnapKit-Dynamic */,
			);
			productName = "iOS12-HW22-Alexey-Cherebayev";
			productReference = FAFB83C42BD6040500D7F0D2 /* iOS12-HW22-Alexey-Cherebayev.app */;
			productType = "com.apple.product-type.application";
		};
/* End PBXNativeTarget section */

/* Begin PBXProject section */
		FAFB83BC2BD6040500D7F0D2 /* Project object */ = {
			isa = PBXProject;
			attributes = {
				BuildIndependentTargetsInParallel = 1;
				LastSwiftUpdateCheck = 1500;
				LastUpgradeCheck = 1500;
				TargetAttributes = {
					FAFB83C32BD6040500D7F0D2 = {
						CreatedOnToolsVersion = 15.0.1;
					};
				};
			};
			buildConfigurationList = FAFB83BF2BD6040500D7F0D2 /* Build configuration list for PBXProject "iOS12-HW22-Alexey-Cherebayev" */;
			compatibilityVersion = "Xcode 14.0";
			developmentRegion = en;
			hasScannedForEncodings = 0;
			knownRegions = (
				en,
				Base,
			);
			mainGroup = FAFB83BB2BD6040500D7F0D2;
			packageReferences = (
				FAFB83E32BD6090A00D7F0D2 /* XCRemoteSwiftPackageReference "CombineCocoa" */,
				FAFB83E62BD6091900D7F0D2 /* XCRemoteSwiftPackageReference "SnapKit" */,
			);
			productRefGroup = FAFB83C52BD6040500D7F0D2 /* Products */;
			projectDirPath = "";
			projectRoot = "";
			targets = (
				FAFB83C32BD6040500D7F0D2 /* iOS12-HW22-Alexey-Cherebayev */,
			);
		};
/* End PBXProject section */

/* Begin PBXResourcesBuildPhase section */
		FAFB83C22BD6040500D7F0D2 /* Resources */ = {
			isa = PBXResourcesBuildPhase;
			buildActionMask = 2147483647;
			files = (
				FAFB83D72BD6040600D7F0D2 /* LaunchScreen.storyboard in Resources */,
				FAFB83D42BD6040600D7F0D2 /* Assets.xcassets in Resources */,
			);
			runOnlyForDeploymentPostprocessing = 0;
		};
/* End PBXResourcesBuildPhase section */

/* Begin PBXSourcesBuildPhase section */
		FAFB83C02BD6040500D7F0D2 /* Sources */ = {
			isa = PBXSourcesBuildPhase;
			buildActionMask = 2147483647;
			files = (
				FAFB83CC2BD6040500D7F0D2 /* ViewController.swift in Sources */,
				FAFB83D22BD6040500D7F0D2 /* UsersDb.xcdatamodeld in Sources */,
				FAFB83C82BD6040500D7F0D2 /* AppDelegate.swift in Sources */,
				FAFB83CA2BD6040500D7F0D2 /* SceneDelegate.swift in Sources */,
			);
			runOnlyForDeploymentPostprocessing = 0;
		};
/* End PBXSourcesBuildPhase section */

/* Begin PBXVariantGroup section */
		FAFB83D52BD6040600D7F0D2 /* LaunchScreen.storyboard */ = {
			isa = PBXVariantGroup;
			children = (
				FAFB83D62BD6040600D7F0D2 /* Base */,
			);
			name = LaunchScreen.storyboard;
			sourceTree = "<group>";
		};
/* End PBXVariantGroup section */

/* Begin XCBuildConfiguration section */
		FAFB83D92BD6040600D7F0D2 /* Debug */ = {
			isa = XCBuildConfiguration;
			buildSettings = {
				ALWAYS_SEARCH_USER_PATHS = NO;
				ASSETCATALOG_COMPILER_GENERATE_SWIFT_ASSET_SYMBOL_EXTENSIONS = YES;
				CLANG_ANALYZER_NONNULL = YES;
				CLANG_ANALYZER_NUMBER_OBJECT_CONVERSION = YES_AGGRESSIVE;
				CLANG_CXX_LANGUAGE_STANDARD = "gnu++20";
				CLANG_ENABLE_MODULES = YES;
				CLANG_ENABLE_OBJC_ARC = YES;
				CLANG_ENABLE_OBJC_WEAK = YES;
				CLANG_WARN_BLOCK_CAPTURE_AUTORELEASING = YES;
				CLANG_WARN_BOOL_CONVERSION = YES;
				CLANG_WARN_COMMA = YES;
				CLANG_WARN_CONSTANT_CONVERSION = YES;
				CLANG_WARN_DEPRECATED_OBJC_IMPLEMENTATIONS = YES;
				CLANG_WARN_DIRECT_OBJC_ISA_USAGE = YES_ERROR;
				CLANG_WARN_DOCUMENTATION_COMMENTS = YES;
				CLANG_WARN_EMPTY_BODY = YES;
				CLANG_WARN_ENUM_CONVERSION = YES;
				CLANG_WARN_INFINITE_RECURSION = YES;
				CLANG_WARN_INT_CONVERSION = YES;
				CLANG_WARN_NON_LITERAL_NULL_CONVERSION = YES;
				CLANG_WARN_OBJC_IMPLICIT_RETAIN_SELF = YES;
				CLANG_WARN_OBJC_LITERAL_CONVERSION = YES;
				CLANG_WARN_OBJC_ROOT_CLASS = YES_ERROR;
				CLANG_WARN_QUOTED_INCLUDE_IN_FRAMEWORK_HEADER = YES;
				CLANG_WARN_RANGE_LOOP_ANALYSIS = YES;
				CLANG_WARN_STRICT_PROTOTYPES = YES;
				CLANG_WARN_SUSPICIOUS_MOVE = YES;
				CLANG_WARN_UNGUARDED_AVAILABILITY = YES_AGGRESSIVE;
				CLANG_WARN_UNREACHABLE_CODE = YES;
				CLANG_WARN__DUPLICATE_METHOD_MATCH = YES;
				COPY_PHASE_STRIP = NO;
				DEBUG_INFORMATION_FORMAT = dwarf;
				ENABLE_STRICT_OBJC_MSGSEND = YES;
				ENABLE_TESTABILITY = YES;
				ENABLE_USER_SCRIPT_SANDBOXING = YES;
				GCC_C_LANGUAGE_STANDARD = gnu17;
				GCC_DYNAMIC_NO_PIC = NO;
				GCC_NO_COMMON_BLOCKS = YES;
				GCC_OPTIMIZATION_LEVEL = 0;
				GCC_PREPROCESSOR_DEFINITIONS = (
					"DEBUG=1",
					"$(inherited)",
				);
				GCC_WARN_64_TO_32_BIT_CONVERSION = YES;
				GCC_WARN_ABOUT_RETURN_TYPE = YES_ERROR;
				GCC_WARN_UNDECLARED_SELECTOR = YES;
				GCC_WARN_UNINITIALIZED_AUTOS = YES_AGGRESSIVE;
				GCC_WARN_UNUSED_FUNCTION = YES;
				GCC_WARN_UNUSED_VARIABLE = YES;
				IPHONEOS_DEPLOYMENT_TARGET = 17.0;
				LOCALIZATION_PREFERS_STRING_CATALOGS = YES;
				MTL_ENABLE_DEBUG_INFO = INCLUDE_SOURCE;
				MTL_FAST_MATH = YES;
				ONLY_ACTIVE_ARCH = YES;
				SDKROOT = iphoneos;
				SWIFT_ACTIVE_COMPILATION_CONDITIONS = "DEBUG $(inherited)";
				SWIFT_OPTIMIZATION_LEVEL = "-Onone";
			};
			name = Debug;
		};
		FAFB83DA2BD6040600D7F0D2 /* Release */ = {
			isa = XCBuildConfiguration;
			buildSettings = {
				ALWAYS_SEARCH_USER_PATHS = NO;
				ASSETCATALOG_COMPILER_GENERATE_SWIFT_ASSET_SYMBOL_EXTENSIONS = YES;
				CLANG_ANALYZER_NONNULL = YES;
				CLANG_ANALYZER_NUMBER_OBJECT_CONVERSION = YES_AGGRESSIVE;
				CLANG_CXX_LANGUAGE_STANDARD = "gnu++20";
				CLANG_ENABLE_MODULES = YES;
				CLANG_ENABLE_OBJC_ARC = YES;
				CLANG_ENABLE_OBJC_WEAK = YES;
				CLANG_WARN_BLOCK_CAPTURE_AUTORELEASING = YES;
				CLANG_WARN_BOOL_CONVERSION = YES;
				CLANG_WARN_COMMA = YES;
				CLANG_WARN_CONSTANT_CONVERSION = YES;
				CLANG_WARN_DEPRECATED_OBJC_IMPLEMENTATIONS = YES;
				CLANG_WARN_DIRECT_OBJC_ISA_USAGE = YES_ERROR;
				CLANG_WARN_DOCUMENTATION_COMMENTS = YES;
				CLANG_WARN_EMPTY_BODY = YES;
				CLANG_WARN_ENUM_CONVERSION = YES;
				CLANG_WARN_INFINITE_RECURSION = YES;
				CLANG_WARN_INT_CONVERSION = YES;
				CLANG_WARN_NON_LITERAL_NULL_CONVERSION = YES;
				CLANG_WARN_OBJC_IMPLICIT_RETAIN_SELF = YES;
				CLANG_WARN_OBJC_LITERAL_CONVERSION = YES;
				CLANG_WARN_OBJC_ROOT_CLASS = YES_ERROR;
				CLANG_WARN_QUOTED_INCLUDE_IN_FRAMEWORK_HEADER = YES;
				CLANG_WARN_RANGE_LOOP_ANALYSIS = YES;
				CLANG_WARN_STRICT_PROTOTYPES = YES;
				CLANG_WARN_SUSPICIOUS_MOVE = YES;
				CLANG_WARN_UNGUARDED_AVAILABILITY = YES_AGGRESSIVE;
				CLANG_WARN_UNREACHABLE_CODE = YES;
				CLANG_WARN__DUPLICATE_METHOD_MATCH = YES;
				COPY_PHASE_STRIP = NO;
				DEBUG_INFORMATION_FORMAT = "dwarf-with-dsym";
				ENABLE_NS_ASSERTIONS = NO;
				ENABLE_STRICT_OBJC_MSGSEND = YES;
				ENABLE_USER_SCRIPT_SANDBOXING = YES;
				GCC_C_LANGUAGE_STANDARD = gnu17;
				GCC_NO_COMMON_BLOCKS = YES;
				GCC_WARN_64_TO_32_BIT_CONVERSION = YES;
				GCC_WARN_ABOUT_RETURN_TYPE = YES_ERROR;
				GCC_WARN_UNDECLARED_SELECTOR = YES;
				GCC_WARN_UNINITIALIZED_AUTOS = YES_AGGRESSIVE;
				GCC_WARN_UNUSED_FUNCTION = YES;
				GCC_WARN_UNUSED_VARIABLE = YES;
				IPHONEOS_DEPLOYMENT_TARGET = 17.0;
				LOCALIZATION_PREFERS_STRING_CATALOGS = YES;
				MTL_ENABLE_DEBUG_INFO = NO;
				MTL_FAST_MATH = YES;
				SDKROOT = iphoneos;
				SWIFT_COMPILATION_MODE = wholemodule;
				VALIDATE_PRODUCT = YES;
			};
			name = Release;
		};
		FAFB83DC2BD6040600D7F0D2 /* Debug */ = {
			isa = XCBuildConfiguration;
			buildSettings = {
				ASSETCATALOG_COMPILER_APPICON_NAME = AppIcon;
				ASSETCATALOG_COMPILER_GLOBAL_ACCENT_COLOR_NAME = AccentColor;
				CODE_SIGN_STYLE = Automatic;
				CURRENT_PROJECT_VERSION = 1;
				DEVELOPMENT_TEAM = 4EE9JPLE3R;
				GENERATE_INFOPLIST_FILE = YES;
				INFOPLIST_FILE = "iOS12-HW22-Alexey-Cherebayev/Info.plist";
				INFOPLIST_KEY_UIApplicationSupportsIndirectInputEvents = YES;
				INFOPLIST_KEY_UILaunchStoryboardName = LaunchScreen;
				INFOPLIST_KEY_UIMainStoryboardFile = Main;
				INFOPLIST_KEY_UISupportedInterfaceOrientations_iPad = "UIInterfaceOrientationPortrait UIInterfaceOrientationPortraitUpsideDown UIInterfaceOrientationLandscapeLeft UIInterfaceOrientationLandscapeRight";
				INFOPLIST_KEY_UISupportedInterfaceOrientations_iPhone = "UIInterfaceOrientationPortrait UIInterfaceOrientationLandscapeLeft UIInterfaceOrientationLandscapeRight";
				LD_RUNPATH_SEARCH_PATHS = (
					"$(inherited)",
					"@executable_path/Frameworks",
				);
				MARKETING_VERSION = 1.0;
				PRODUCT_BUNDLE_IDENTIFIER = "kz.cource.iOS12-HW22-Alexey-Cherebayev";
				PRODUCT_NAME = "$(TARGET_NAME)";
				SWIFT_EMIT_LOC_STRINGS = YES;
				SWIFT_VERSION = 5.0;
				TARGETED_DEVICE_FAMILY = "1,2";
			};
			name = Debug;
		};
		FAFB83DD2BD6040600D7F0D2 /* Release */ = {
			isa = XCBuildConfiguration;
			buildSettings = {
				ASSETCATALOG_COMPILER_APPICON_NAME = AppIcon;
				ASSETCATALOG_COMPILER_GLOBAL_ACCENT_COLOR_NAME = AccentColor;
				CODE_SIGN_STYLE = Automatic;
				CURRENT_PROJECT_VERSION = 1;
				DEVELOPMENT_TEAM = 4EE9JPLE3R;
				GENERATE_INFOPLIST_FILE = YES;
				INFOPLIST_FILE = "iOS12-HW22-Alexey-Cherebayev/Info.plist";
				INFOPLIST_KEY_UIApplicationSupportsIndirectInputEvents = YES;
				INFOPLIST_KEY_UILaunchStoryboardName = LaunchScreen;
				INFOPLIST_KEY_UIMainStoryboardFile = Main;
				INFOPLIST_KEY_UISupportedInterfaceOrientations_iPad = "UIInterfaceOrientationPortrait UIInterfaceOrientationPortraitUpsideDown UIInterfaceOrientationLandscapeLeft UIInterfaceOrientationLandscapeRight";
				INFOPLIST_KEY_UISupportedInterfaceOrientations_iPhone = "UIInterfaceOrientationPortrait UIInterfaceOrientationLandscapeLeft UIInterfaceOrientationLandscapeRight";
				LD_RUNPATH_SEARCH_PATHS = (
					"$(inherited)",
					"@executable_path/Frameworks",
				);
				MARKETING_VERSION = 1.0;
				PRODUCT_BUNDLE_IDENTIFIER = "kz.cource.iOS12-HW22-Alexey-Cherebayev";
				PRODUCT_NAME = "$(TARGET_NAME)";
				SWIFT_EMIT_LOC_STRINGS = YES;
				SWIFT_VERSION = 5.0;
				TARGETED_DEVICE_FAMILY = "1,2";
			};
			name = Release;
		};
/* End XCBuildConfiguration section */

/* Begin XCConfigurationList section */
		FAFB83BF2BD6040500D7F0D2 /* Build configuration list for PBXProject "iOS12-HW22-Alexey-Cherebayev" */ = {
			isa = XCConfigurationList;
			buildConfigurations = (
				FAFB83D92BD6040600D7F0D2 /* Debug */,
				FAFB83DA2BD6040600D7F0D2 /* Release */,
			);
			defaultConfigurationIsVisible = 0;
			defaultConfigurationName = Release;
		};
		FAFB83DB2BD6040600D7F0D2 /* Build configuration list for PBXNativeTarget "iOS12-HW22-Alexey-Cherebayev" */ = {
			isa = XCConfigurationList;
			buildConfigurations = (
				FAFB83DC2BD6040600D7F0D2 /* Debug */,
				FAFB83DD2BD6040600D7F0D2 /* Release */,
			);
			defaultConfigurationIsVisible = 0;
			defaultConfigurationName = Release;
		};
/* End XCConfigurationList section */

/* Begin XCRemoteSwiftPackageReference section */
		FAFB83E32BD6090A00D7F0D2 /* XCRemoteSwiftPackageReference "CombineCocoa" */ = {
			isa = XCRemoteSwiftPackageReference;
			repositoryURL = "https://github.com/CombineCommunity/CombineCocoa";
			requirement = {
				kind = upToNextMajorVersion;
				minimumVersion = 0.4.1;
			};
		};
		FAFB83E62BD6091900D7F0D2 /* XCRemoteSwiftPackageReference "SnapKit" */ = {
			isa = XCRemoteSwiftPackageReference;
			repositoryURL = "https://github.com/SnapKit/SnapKit";
			requirement = {
				kind = upToNextMajorVersion;
				minimumVersion = 5.7.1;
			};
		};
/* End XCRemoteSwiftPackageReference section */

/* Begin XCSwiftPackageProductDependency section */
		FAFB83E42BD6090A00D7F0D2 /* CombineCocoa */ = {
			isa = XCSwiftPackageProductDependency;
			package = FAFB83E32BD6090A00D7F0D2 /* XCRemoteSwiftPackageReference "CombineCocoa" */;
			productName = CombineCocoa;
		};
		FAFB83E72BD6091900D7F0D2 /* SnapKit */ = {
			isa = XCSwiftPackageProductDependency;
			package = FAFB83E62BD6091900D7F0D2 /* XCRemoteSwiftPackageReference "SnapKit" */;
			productName = SnapKit;
		};
		FAFB83E92BD6091900D7F0D2 /* SnapKit-Dynamic */ = {
			isa = XCSwiftPackageProductDependency;
			package = FAFB83E62BD6091900D7F0D2 /* XCRemoteSwiftPackageReference "SnapKit" */;
			productName = "SnapKit-Dynamic";
		};
/* End XCSwiftPackageProductDependency section */

/* Begin XCVersionGroup section */
		FAFB83D02BD6040500D7F0D2 /* UsersDb.xcdatamodeld */ = {
			isa = XCVersionGroup;
			children = (
				FAFB83D12BD6040500D7F0D2 /* iOS12_HW22_Alexey_Cherebayev.xcdatamodel */,
			);
			currentVersion = FAFB83D12BD6040500D7F0D2 /* iOS12_HW22_Alexey_Cherebayev.xcdatamodel */;
			path = UsersDb.xcdatamodeld;
			sourceTree = "<group>";
			versionGroupType = wrapper.xcdatamodel;
		};
/* End XCVersionGroup section */
	};
	rootObject = FAFB83BC2BD6040500D7F0D2 /* Project object */;
}
